
Microsoft Visual Studio Solution File, Format Version 12.00
# Visual Studio 15
VisualStudioVersion = 15.0.28307.168
MinimumVisualStudioVersion = 10.0.40219.1
Project("{FAE04EC0-301F-11D3-BF4B-00C04F79EFBC}") = "HB-RFID-Demo", "HB-RFID-Demo\HB-RFID-Demo.csproj", "{C17B7724-6BCE-46EA-9E71-B3B2FC2E3C1F}"
EndProject
Project("{FAE04EC0-301F-11D3-BF4B-00C04F79EFBC}") = "HBLib", "HBLib\HBLib.csproj", "{776E1C98-4C51-45D0-891F-369270D32ED1}"
EndProject
Project("{FAE04EC0-301F-11D3-BF4B-00C04F79EFBC}") = "CmdDemo", "CmdDemo\CmdDemo.csproj", "{0B9B4DC0-E4BA-445B-8BDE-458A06133101}"
EndProject
Project("{FAE04EC0-301F-11D3-BF4B-00C04F79EFBC}") = "CmdReader", "CmdReader\CmdReader.csproj", "{23C453E5-A64B-4039-870B-F0014FC83508}"
EndProject
Project("{FAE04EC0-301F-11D3-BF4B-00C04F79EFBC}") = "ValueOper", "ValueOper\ValueOper.csproj", "{DCA380A6-AE8D-4E00-B3CE-BDF82BE7BE20}"
EndProject
Project("{FAE04EC0-301F-11D3-BF4B-00C04F79EFBC}") = "I15693CmdDemo", "I15693CmdDemo\I15693CmdDemo.csproj", "{829E14D7-4EE9-44F5-A457-A26A7FF1BAB8}"
EndProject
Project("{FAE04EC0-301F-11D3-BF4B-00C04F79EFBC}") = "LJYZNLib", "LJYZNLib\LJYZNLib.csproj", "{34C09985-F8CF-49E1-9519-994F8F6CCCBF}"
EndProject
Project("{FAE04EC0-301F-11D3-BF4B-00C04F79EFBC}") = "LJYZNCmd", "LJYZNCmd\LJYZNCmd.csproj", "{72FF9532-12C0-4D9C-8867-54BE92A97DC0}"
EndProject
Global
	GlobalSection(SolutionConfigurationPlatforms) = preSolution
		Debug|Any CPU = Debug|Any CPU
		Release|Any CPU = Release|Any CPU
	EndGlobalSection
	GlobalSection(ProjectConfigurationPlatforms) = postSolution
		{C17B7724-6BCE-46EA-9E71-B3B2FC2E3C1F}.Debug|Any CPU.ActiveCfg = Debug|Any CPU
		{C17B7724-6BCE-46EA-9E71-B3B2FC2E3C1F}.Debug|Any CPU.Build.0 = Debug|Any CPU
		{C17B7724-6BCE-46EA-9E71-B3B2FC2E3C1F}.Release|Any CPU.ActiveCfg = Release|Any CPU
		{C17B7724-6BCE-46EA-9E71-B3B2FC2E3C1F}.Release|Any CPU.Build.0 = Release|Any CPU
		{776E1C98-4C51-45D0-891F-369270D32ED1}.Debug|Any CPU.ActiveCfg = Debug|Any CPU
		{776E1C98-4C51-45D0-891F-369270D32ED1}.Debug|Any CPU.Build.0 = Debug|Any CPU
		{776E1C98-4C51-45D0-891F-369270D32ED1}.Release|Any CPU.ActiveCfg = Release|Any CPU
		{776E1C98-4C51-45D0-891F-369270D32ED1}.Release|Any CPU.Build.0 = Release|Any CPU
		{0B9B4DC0-E4BA-445B-8BDE-458A06133101}.Debug|Any CPU.ActiveCfg = Debug|Any CPU
		{0B9B4DC0-E4BA-445B-8BDE-458A06133101}.Debug|Any CPU.Build.0 = Debug|Any CPU
		{0B9B4DC0-E4BA-445B-8BDE-458A06133101}.Release|Any CPU.ActiveCfg = Release|Any CPU
		{0B9B4DC0-E4BA-445B-8BDE-458A06133101}.Release|Any CPU.Build.0 = Release|Any CPU
		{23C453E5-A64B-4039-870B-F0014FC83508}.Debug|Any CPU.ActiveCfg = Debug|Any CPU
		{23C453E5-A64B-4039-870B-F0014FC83508}.Debug|Any CPU.Build.0 = Debug|Any CPU
		{23C453E5-A64B-4039-870B-F0014FC83508}.Release|Any CPU.ActiveCfg = Release|Any CPU
		{23C453E5-A64B-4039-870B-F0014FC83508}.Release|Any CPU.Build.0 = Release|Any CPU
		{DCA380A6-AE8D-4E00-B3CE-BDF82BE7BE20}.Debug|Any CPU.ActiveCfg = Debug|Any CPU
		{DCA380A6-AE8D-4E00-B3CE-BDF82BE7BE20}.Debug|Any CPU.Build.0 = Debug|Any CPU
		{DCA380A6-AE8D-4E00-B3CE-BDF82BE7BE20}.Release|Any CPU.ActiveCfg = Release|Any CPU
		{DCA380A6-AE8D-4E00-B3CE-BDF82BE7BE20}.Release|Any CPU.Build.0 = Release|Any CPU
		{829E14D7-4EE9-44F5-A457-A26A7FF1BAB8}.Debug|Any CPU.ActiveCfg = Debug|Any CPU
		{829E14D7-4EE9-44F5-A457-A26A7FF1BAB8}.Debug|Any CPU.Build.0 = Debug|Any CPU
		{829E14D7-4EE9-44F5-A457-A26A7FF1BAB8}.Release|Any CPU.ActiveCfg = Release|Any CPU
		{829E14D7-4EE9-44F5-A457-A26A7FF1BAB8}.Release|Any CPU.Build.0 = Release|Any CPU
		{34C09985-F8CF-49E1-9519-994F8F6CCCBF}.Debug|Any CPU.ActiveCfg = Debug|Any CPU
		{34C09985-F8CF-49E1-9519-994F8F6CCCBF}.Debug|Any CPU.Build.0 = Debug|Any CPU
		{34C09985-F8CF-49E1-9519-994F8F6CCCBF}.Release|Any CPU.ActiveCfg = Release|Any CPU
		{34C09985-F8CF-49E1-9519-994F8F6CCCBF}.Release|Any CPU.Build.0 = Release|Any CPU
		{72FF9532-12C0-4D9C-8867-54BE92A97DC0}.Debug|Any CPU.ActiveCfg = Debug|Any CPU
		{72FF9532-12C0-4D9C-8867-54BE92A97DC0}.Debug|Any CPU.Build.0 = Debug|Any CPU
		{72FF9532-12C0-4D9C-8867-54BE92A97DC0}.Release|Any CPU.ActiveCfg = Release|Any CPU
		{72FF9532-12C0-4D9C-8867-54BE92A97DC0}.Release|Any CPU.Build.0 = Release|Any CPU
	EndGlobalSection
	GlobalSection(SolutionProperties) = preSolution
		HideSolutionNode = FALSE
	EndGlobalSection
	GlobalSection(ExtensibilityGlobals) = postSolution
		SolutionGuid = {620DF875-37F0-4502-998B-F6D899F81424}
	EndGlobalSection
EndGlobal
